
Microsoft Visual Studio Solution File, Format Version 12.00
# Visual Studio 2012
Project("{FAE04EC0-301F-11D3-BF4B-00C04F79EFBC}") = "Michal.Project", "sln\Michal.Project.csproj", "{9C18C3B7-5463-4F3B-A929-F4402DDEE822}"
EndProject
Project("{2150E333-8FDC-42A3-9474-1A3956D46DE8}") = "PHOTOSHOP", "PHOTOSHOP", "{D0B77621-3F5F-4626-995C-B435A2A50F23}"
	ProjectSection(SolutionItems) = preProject
		PHOTOSHOP\run2.psd = PHOTOSHOP\run2.psd
		PHOTOSHOP\vespa-ran.psd = PHOTOSHOP\vespa-ran.psd
	EndProjectSection
EndProject
Project("{2150E333-8FDC-42A3-9474-1A3956D46DE8}") = "Resource", "Resource", "{418164C5-D8C5-4802-BC2C-0C2648F19248}"
	ProjectSection(SolutionItems) = preProject
		Resource\nice.txt = Resource\nice.txt
		old.txt = old.txt
	EndProjectSection
EndProject
Global
	GlobalSection(SolutionConfigurationPlatforms) = preSolution
		Debug|Any CPU = Debug|Any CPU
		Release|Any CPU = Release|Any CPU
	EndGlobalSection
	GlobalSection(ProjectConfigurationPlatforms) = postSolution
		{9C18C3B7-5463-4F3B-A929-F4402DDEE822}.Debug|Any CPU.ActiveCfg = Debug|Any CPU
		{9C18C3B7-5463-4F3B-A929-F4402DDEE822}.Debug|Any CPU.Build.0 = Debug|Any CPU
		{9C18C3B7-5463-4F3B-A929-F4402DDEE822}.Release|Any CPU.ActiveCfg = Release|Any CPU
		{9C18C3B7-5463-4F3B-A929-F4402DDEE822}.Release|Any CPU.Build.0 = Release|Any CPU
	EndGlobalSection
	GlobalSection(SolutionProperties) = preSolution
		HideSolutionNode = FALSE
	EndGlobalSection
EndGlobal
