
Microsoft Visual Studio Solution File, Format Version 12.00
# Visual Studio 2012
Project("{FAE04EC0-301F-11D3-BF4B-00C04F79EFBC}") = "Michal.Project", "sln\Michal.Project.csproj", "{9C18C3B7-5463-4F3B-A929-F4402DDEE822}"
EndProject
Project("{2150E333-8FDC-42A3-9474-1A3956D46DE8}") = "PHOTOSHOP", "PHOTOSHOP", "{D0B77621-3F5F-4626-995C-B435A2A50F23}"
	ProjectSection(SolutionItems) = preProject
		PHOTOSHOP\run2.psd = PHOTOSHOP\run2.psd
		PHOTOSHOP\vespa-ran.psd = PHOTOSHOP\vespa-ran.psd
		PHOTOSHOP\vespa-ranlogo.psd = PHOTOSHOP\vespa-ranlogo.psd
	EndProjectSection
EndProject
Project("{2150E333-8FDC-42A3-9474-1A3956D46DE8}") = "Resource", "Resource", "{418164C5-D8C5-4802-BC2C-0C2648F19248}"
	ProjectSection(SolutionItems) = preProject
		Resource\kipotest.zip = Resource\kipotest.zip
		Resource\nice.txt = Resource\nice.txt
		old.txt = old.txt
	EndProjectSection
EndProject
Project("{2150E333-8FDC-42A3-9474-1A3956D46DE8}") = "Migration", "Migration", "{56E12B5B-56DB-4BDA-BDF7-A8DD30C357B8}"
EndProject
Project("{FAE04EC0-301F-11D3-BF4B-00C04F79EFBC}") = "MigrationXmlToJsonLngLat", "UTConsole\MigrationXmlToJsonLngLat.csproj", "{8ECD1E94-727A-4620-A630-39665E528D32}"
EndProject
Project("{FAE04EC0-301F-11D3-BF4B-00C04F79EFBC}") = "MigrationXmlToJsonLngLatF4", "XmlToJsonF4\MigrationXmlToJsonLngLatF4.csproj", "{E164196C-8372-4D1B-923D-DEE699FEAE78}"
EndProject
Project("{2150E333-8FDC-42A3-9474-1A3956D46DE8}") = ".nuget", ".nuget", "{3AA9D751-3349-4479-A3E0-76FC4B0B9F7C}"
	ProjectSection(SolutionItems) = preProject
		.nuget\NuGet.Config = .nuget\NuGet.Config
		.nuget\NuGet.exe = .nuget\NuGet.exe
		.nuget\NuGet.targets = .nuget\NuGet.targets
	EndProjectSection
EndProject
Project("{2150E333-8FDC-42A3-9474-1A3956D46DE8}") = "UnitTest", "UnitTest", "{9B927577-8FBE-4F3C-9A88-9B6C5C732148}"
EndProject
Project("{FAE04EC0-301F-11D3-BF4B-00C04F79EFBC}") = "UtConsole", "UnitTest\UtConsole\UtConsole.csproj", "{D608A9C7-1908-4ABB-B30D-015DAF32D243}"
EndProject
Global
	GlobalSection(SolutionConfigurationPlatforms) = preSolution
		Debug|Any CPU = Debug|Any CPU
		Release|Any CPU = Release|Any CPU
	EndGlobalSection
	GlobalSection(ProjectConfigurationPlatforms) = postSolution
		{9C18C3B7-5463-4F3B-A929-F4402DDEE822}.Debug|Any CPU.ActiveCfg = Debug|Any CPU
		{9C18C3B7-5463-4F3B-A929-F4402DDEE822}.Debug|Any CPU.Build.0 = Debug|Any CPU
		{9C18C3B7-5463-4F3B-A929-F4402DDEE822}.Release|Any CPU.ActiveCfg = Release|Any CPU
		{9C18C3B7-5463-4F3B-A929-F4402DDEE822}.Release|Any CPU.Build.0 = Release|Any CPU
		{8ECD1E94-727A-4620-A630-39665E528D32}.Debug|Any CPU.ActiveCfg = Debug|Any CPU
		{8ECD1E94-727A-4620-A630-39665E528D32}.Debug|Any CPU.Build.0 = Debug|Any CPU
		{8ECD1E94-727A-4620-A630-39665E528D32}.Release|Any CPU.ActiveCfg = Release|Any CPU
		{8ECD1E94-727A-4620-A630-39665E528D32}.Release|Any CPU.Build.0 = Release|Any CPU
		{E164196C-8372-4D1B-923D-DEE699FEAE78}.Debug|Any CPU.ActiveCfg = Debug|Any CPU
		{E164196C-8372-4D1B-923D-DEE699FEAE78}.Debug|Any CPU.Build.0 = Debug|Any CPU
		{E164196C-8372-4D1B-923D-DEE699FEAE78}.Release|Any CPU.ActiveCfg = Release|Any CPU
		{E164196C-8372-4D1B-923D-DEE699FEAE78}.Release|Any CPU.Build.0 = Release|Any CPU
		{D608A9C7-1908-4ABB-B30D-015DAF32D243}.Debug|Any CPU.ActiveCfg = Debug|Any CPU
		{D608A9C7-1908-4ABB-B30D-015DAF32D243}.Debug|Any CPU.Build.0 = Debug|Any CPU
		{D608A9C7-1908-4ABB-B30D-015DAF32D243}.Release|Any CPU.ActiveCfg = Release|Any CPU
		{D608A9C7-1908-4ABB-B30D-015DAF32D243}.Release|Any CPU.Build.0 = Release|Any CPU
	EndGlobalSection
	GlobalSection(SolutionProperties) = preSolution
		HideSolutionNode = FALSE
	EndGlobalSection
	GlobalSection(NestedProjects) = preSolution
		{8ECD1E94-727A-4620-A630-39665E528D32} = {56E12B5B-56DB-4BDA-BDF7-A8DD30C357B8}
		{E164196C-8372-4D1B-923D-DEE699FEAE78} = {56E12B5B-56DB-4BDA-BDF7-A8DD30C357B8}
		{D608A9C7-1908-4ABB-B30D-015DAF32D243} = {9B927577-8FBE-4F3C-9A88-9B6C5C732148}
	EndGlobalSection
EndGlobal
